
Microsoft Visual Studio Solution File, Format Version 12.00
# Visual Studio 15
VisualStudioVersion = 15.0.28307.1022
MinimumVisualStudioVersion = 10.0.40219.1
Project("{FAE04EC0-301F-11D3-BF4B-00C04F79EFBC}") = "FirstConsoleApp", "FirstConsoleApp\FirstConsoleApp.csproj", "{D71E9C17-413B-4873-A813-CF6116C4D5D5}"
EndProject
Project("{F184B08F-C81C-45F6-A57F-5ABD9991F28F}") = "VBCaluator", "VBCaluator\VBCaluator.vbproj", "{3ECF4351-14FF-4808-B9D3-E9BEE0D5F726}"
EndProject
Project("{FAE04EC0-301F-11D3-BF4B-00C04F79EFBC}") = "CSharpCal", "CSharpCal\CSharpCal.csproj", "{3579084E-C795-4CFA-8C84-F82C4CF3B3BE}"
EndProject
Project("{FAE04EC0-301F-11D3-BF4B-00C04F79EFBC}") = "Charpter2", "Charpter2\Charpter2.csproj", "{89C2320F-D918-4649-93D4-26FCBE28B4D5}"
EndProject
Project("{FAE04EC0-301F-11D3-BF4B-00C04F79EFBC}") = "Charpter3", "Charpter3\Charpter3.csproj", "{DC57EF95-0F9F-4811-991A-779E1F69952E}"
EndProject
Project("{FAE04EC0-301F-11D3-BF4B-00C04F79EFBC}") = "Charpter4", "Charpter4\Charpter4.csproj", "{9DA99657-9FC7-4368-BCFF-4F2DCD9C08FF}"
EndProject
Project("{2150E333-8FDC-42A3-9474-1A3956D46DE8}") = "OOP.01.Property", "OOP.01.Property", "{EA350493-7104-422C-8835-032BF25C911C}"
EndProject
Project("{FAE04EC0-301F-11D3-BF4B-00C04F79EFBC}") = "Property", "Property\Property.csproj", "{B5D1CAC6-3859-4CA8-BF24-29228F2FDD98}"
EndProject
Project("{2150E333-8FDC-42A3-9474-1A3956D46DE8}") = "OOP.02.Method", "OOP.02.Method", "{AD1E184B-8E2F-4B14-8618-C1F4662D708D}"
EndProject
Project("{FAE04EC0-301F-11D3-BF4B-00C04F79EFBC}") = "Method", "Method\Method.csproj", "{474812DA-A276-484D-95A3-2149AB6DFD64}"
EndProject
Project("{2150E333-8FDC-42A3-9474-1A3956D46DE8}") = "OOP.03.GenericList", "OOP.03.GenericList", "{E115EC05-8483-45B0-9A76-0E208911B582}"
EndProject
Project("{FAE04EC0-301F-11D3-BF4B-00C04F79EFBC}") = "GenericList", "GenericList\GenericList.csproj", "{4860EF82-88F5-4065-A4E2-9D873656AAFF}"
EndProject
Global
	GlobalSection(SolutionConfigurationPlatforms) = preSolution
		Debug|Any CPU = Debug|Any CPU
		Release|Any CPU = Release|Any CPU
	EndGlobalSection
	GlobalSection(ProjectConfigurationPlatforms) = postSolution
		{D71E9C17-413B-4873-A813-CF6116C4D5D5}.Debug|Any CPU.ActiveCfg = Debug|Any CPU
		{D71E9C17-413B-4873-A813-CF6116C4D5D5}.Debug|Any CPU.Build.0 = Debug|Any CPU
		{D71E9C17-413B-4873-A813-CF6116C4D5D5}.Release|Any CPU.ActiveCfg = Release|Any CPU
		{D71E9C17-413B-4873-A813-CF6116C4D5D5}.Release|Any CPU.Build.0 = Release|Any CPU
		{3ECF4351-14FF-4808-B9D3-E9BEE0D5F726}.Debug|Any CPU.ActiveCfg = Debug|Any CPU
		{3ECF4351-14FF-4808-B9D3-E9BEE0D5F726}.Debug|Any CPU.Build.0 = Debug|Any CPU
		{3ECF4351-14FF-4808-B9D3-E9BEE0D5F726}.Release|Any CPU.ActiveCfg = Release|Any CPU
		{3ECF4351-14FF-4808-B9D3-E9BEE0D5F726}.Release|Any CPU.Build.0 = Release|Any CPU
		{3579084E-C795-4CFA-8C84-F82C4CF3B3BE}.Debug|Any CPU.ActiveCfg = Debug|Any CPU
		{3579084E-C795-4CFA-8C84-F82C4CF3B3BE}.Debug|Any CPU.Build.0 = Debug|Any CPU
		{3579084E-C795-4CFA-8C84-F82C4CF3B3BE}.Release|Any CPU.ActiveCfg = Release|Any CPU
		{3579084E-C795-4CFA-8C84-F82C4CF3B3BE}.Release|Any CPU.Build.0 = Release|Any CPU
		{89C2320F-D918-4649-93D4-26FCBE28B4D5}.Debug|Any CPU.ActiveCfg = Debug|Any CPU
		{89C2320F-D918-4649-93D4-26FCBE28B4D5}.Debug|Any CPU.Build.0 = Debug|Any CPU
		{89C2320F-D918-4649-93D4-26FCBE28B4D5}.Release|Any CPU.ActiveCfg = Release|Any CPU
		{89C2320F-D918-4649-93D4-26FCBE28B4D5}.Release|Any CPU.Build.0 = Release|Any CPU
		{DC57EF95-0F9F-4811-991A-779E1F69952E}.Debug|Any CPU.ActiveCfg = Debug|Any CPU
		{DC57EF95-0F9F-4811-991A-779E1F69952E}.Debug|Any CPU.Build.0 = Debug|Any CPU
		{DC57EF95-0F9F-4811-991A-779E1F69952E}.Release|Any CPU.ActiveCfg = Release|Any CPU
		{DC57EF95-0F9F-4811-991A-779E1F69952E}.Release|Any CPU.Build.0 = Release|Any CPU
		{9DA99657-9FC7-4368-BCFF-4F2DCD9C08FF}.Debug|Any CPU.ActiveCfg = Debug|Any CPU
		{9DA99657-9FC7-4368-BCFF-4F2DCD9C08FF}.Debug|Any CPU.Build.0 = Debug|Any CPU
		{9DA99657-9FC7-4368-BCFF-4F2DCD9C08FF}.Release|Any CPU.ActiveCfg = Release|Any CPU
		{9DA99657-9FC7-4368-BCFF-4F2DCD9C08FF}.Release|Any CPU.Build.0 = Release|Any CPU
		{B5D1CAC6-3859-4CA8-BF24-29228F2FDD98}.Debug|Any CPU.ActiveCfg = Debug|Any CPU
		{B5D1CAC6-3859-4CA8-BF24-29228F2FDD98}.Debug|Any CPU.Build.0 = Debug|Any CPU
		{B5D1CAC6-3859-4CA8-BF24-29228F2FDD98}.Release|Any CPU.ActiveCfg = Release|Any CPU
		{B5D1CAC6-3859-4CA8-BF24-29228F2FDD98}.Release|Any CPU.Build.0 = Release|Any CPU
		{474812DA-A276-484D-95A3-2149AB6DFD64}.Debug|Any CPU.ActiveCfg = Debug|Any CPU
		{474812DA-A276-484D-95A3-2149AB6DFD64}.Debug|Any CPU.Build.0 = Debug|Any CPU
		{474812DA-A276-484D-95A3-2149AB6DFD64}.Release|Any CPU.ActiveCfg = Release|Any CPU
		{474812DA-A276-484D-95A3-2149AB6DFD64}.Release|Any CPU.Build.0 = Release|Any CPU
		{4860EF82-88F5-4065-A4E2-9D873656AAFF}.Debug|Any CPU.ActiveCfg = Debug|Any CPU
		{4860EF82-88F5-4065-A4E2-9D873656AAFF}.Debug|Any CPU.Build.0 = Debug|Any CPU
		{4860EF82-88F5-4065-A4E2-9D873656AAFF}.Release|Any CPU.ActiveCfg = Release|Any CPU
		{4860EF82-88F5-4065-A4E2-9D873656AAFF}.Release|Any CPU.Build.0 = Release|Any CPU
	EndGlobalSection
	GlobalSection(SolutionProperties) = preSolution
		HideSolutionNode = FALSE
	EndGlobalSection
	GlobalSection(NestedProjects) = preSolution
		{B5D1CAC6-3859-4CA8-BF24-29228F2FDD98} = {EA350493-7104-422C-8835-032BF25C911C}
		{474812DA-A276-484D-95A3-2149AB6DFD64} = {AD1E184B-8E2F-4B14-8618-C1F4662D708D}
		{4860EF82-88F5-4065-A4E2-9D873656AAFF} = {E115EC05-8483-45B0-9A76-0E208911B582}
	EndGlobalSection
	GlobalSection(ExtensibilityGlobals) = postSolution
		SolutionGuid = {0F4B00CA-67BE-4DED-8659-D4BE4C3C5735}
	EndGlobalSection
EndGlobal
